
Microsoft Visual Studio Solution File, Format Version 12.00
# Visual Studio Version 16
VisualStudioVersion = 16.0.29709.97
MinimumVisualStudioVersion = 10.0.40219.1
Project("{FAE04EC0-301F-11D3-BF4B-00C04F79EFBC}") = "ContosoUniversity", "ContosoUniversity.csproj", "{A0289A6C-73C3-4F34-974F-12996CDF0D24}"
EndProject
Global
	GlobalSection(SolutionConfigurationPlatforms) = preSolution
		Debug|Any CPU = Debug|Any CPU
		Release|Any CPU = Release|Any CPU
	EndGlobalSection
	GlobalSection(ProjectConfigurationPlatforms) = postSolution
		{A0289A6C-73C3-4F34-974F-12996CDF0D24}.Debug|Any CPU.ActiveCfg = Debug|Any CPU
		{A0289A6C-73C3-4F34-974F-12996CDF0D24}.Debug|Any CPU.Build.0 = Debug|Any CPU
		{A0289A6C-73C3-4F34-974F-12996CDF0D24}.Release|Any CPU.ActiveCfg = Release|Any CPU
		{A0289A6C-73C3-4F34-974F-12996CDF0D24}.Release|Any CPU.Build.0 = Release|Any CPU
	EndGlobalSection
	GlobalSection(SolutionProperties) = preSolution
		HideSolutionNode = FALSE
	EndGlobalSection
	GlobalSection(ExtensibilityGlobals) = postSolution
		SolutionGuid = {471FEC7D-A2FC-4173-8A2A-544507707670}
	EndGlobalSection
EndGlobal
